
Microsoft Visual Studio Solution File, Format Version 12.00
# Visual Studio Version 17
VisualStudioVersion = 17.14.36429.23
MinimumVisualStudioVersion = 10.0.40219.1
Project("{FAE04EC0-301F-11D3-BF4B-00C04F79EFBC}") = "UnitConverter.Mvc", "UnitConverter.Mvc\UnitConverter.Mvc.csproj", "{FE8F3E99-5935-4F1A-85A6-7989F482C279}"
EndProject
Project("{FAE04EC0-301F-11D3-BF4B-00C04F79EFBC}") = "TestConverter", "TestConverter\TestConverter.csproj", "{FC0E3D2C-4638-4E17-B937-5137853D4CF5}"
EndProject
Project("{2150E333-8FDC-42A3-9474-1A3956D46DE8}") = "Solution Items", "Solution Items", "{8EC462FD-D22E-90A8-E5CE-7E832BA40C5D}"
	ProjectSection(SolutionItems) = preProject
		README.md = README.md
	EndProjectSection
EndProject
Global
	GlobalSection(SolutionConfigurationPlatforms) = preSolution
		Debug|Any CPU = Debug|Any CPU
		Release|Any CPU = Release|Any CPU
	EndGlobalSection
	GlobalSection(ProjectConfigurationPlatforms) = postSolution
		{FE8F3E99-5935-4F1A-85A6-7989F482C279}.Debug|Any CPU.ActiveCfg = Debug|Any CPU
		{FE8F3E99-5935-4F1A-85A6-7989F482C279}.Debug|Any CPU.Build.0 = Debug|Any CPU
		{FE8F3E99-5935-4F1A-85A6-7989F482C279}.Release|Any CPU.ActiveCfg = Release|Any CPU
		{FE8F3E99-5935-4F1A-85A6-7989F482C279}.Release|Any CPU.Build.0 = Release|Any CPU
		{FC0E3D2C-4638-4E17-B937-5137853D4CF5}.Debug|Any CPU.ActiveCfg = Debug|Any CPU
		{FC0E3D2C-4638-4E17-B937-5137853D4CF5}.Debug|Any CPU.Build.0 = Debug|Any CPU
		{FC0E3D2C-4638-4E17-B937-5137853D4CF5}.Release|Any CPU.ActiveCfg = Release|Any CPU
		{FC0E3D2C-4638-4E17-B937-5137853D4CF5}.Release|Any CPU.Build.0 = Release|Any CPU
	EndGlobalSection
	GlobalSection(SolutionProperties) = preSolution
		HideSolutionNode = FALSE
	EndGlobalSection
	GlobalSection(ExtensibilityGlobals) = postSolution
		SolutionGuid = {A69E7A78-8FC0-4F82-85FA-9AFB9BD68A9C}
	EndGlobalSection
EndGlobal
